{
  "nodes": {
    "emacs-overlay": {
      "locked": {
        "lastModified": 1644315846,
        "narHash": "sha256-/DVsxnczKZdY6neJO5a0tjYR+rjmNHtTSb5NXqYHzzI=",
        "owner": "nix-community",
        "repo": "emacs-overlay",
        "rev": "b95461861c8b5b7432cfc13306477d17c684d80d",
        "type": "github"
      },
      "original": {
        "owner": "nix-community",
        "repo": "emacs-overlay",
        "type": "github"
      }
    },
    "home-manager": {
      "inputs": {
        "nixpkgs": [
          "nixpkgs"
        ]
      },
      "locked": {
        "lastModified": 1643933536,
        "narHash": "sha256-yRmsWAG4DnLxLIUtlaZsl0kH7rN5xSoyNRlf0YZrcH4=",
        "owner": "rycee",
        "repo": "home-manager",
        "rev": "2860d7e3bb350f18f7477858f3513f9798896831",
        "type": "github"
      },
      "original": {
        "owner": "rycee",
        "ref": "release-21.11",
        "repo": "home-manager",
        "type": "github"
      }
    },
    "nixpkgs": {
      "locked": {
        "lastModified": 1644311545,
        "narHash": "sha256-EQqT5PlTpbRwt+5Uk86YqQY/0PiTavoc5VhoTDRTCfU=",
        "owner": "NixOS",
        "repo": "nixpkgs",
        "rev": "11a998f6cbbdc8178cecb588b4466db689b71801",
        "type": "github"
      },
      "original": {
        "id": "nixpkgs",
        "ref": "release-21.11",
        "type": "indirect"
      }
    },
    "root": {
      "inputs": {
        "emacs-overlay": "emacs-overlay",
        "home-manager": "home-manager",
        "nixpkgs": "nixpkgs"
      }
    }
  },
  "root": "root",
  "version": 7
}
