{
  "nodes": {
    "advisory-db": {
      "flake": false,
      "locked": {
        "lastModified": 1688825073,
        "narHash": "sha256-fK2huTDGHJc/oZjZWhMZMAt1nQSuuY6p41Y2pudtJdM=",
        "owner": "rustsec",
        "repo": "advisory-db",
        "rev": "5ceeefcbbabf4b510ef8ede121d6dc57d1a1f7f8",
        "type": "github"
      },
      "original": {
        "owner": "rustsec",
        "repo": "advisory-db",
        "type": "github"
      }
    },
    "attic": {
      "inputs": {
        "crane": "crane",
        "flake-compat": "flake-compat",
        "flake-utils": "flake-utils",
        "nixpkgs": "nixpkgs",
        "nixpkgs-stable": "nixpkgs-stable"
      },
      "locked": {
        "lastModified": 1717279440,
        "narHash": "sha256-kH04ReTjxOpQumgWnqy40vvQLSnLGxWP6RF3nq5Esrk=",
        "owner": "zhaofengli",
        "repo": "attic",
        "rev": "717cc95983cdc357bc347d70be20ced21f935843",
        "type": "github"
      },
      "original": {
        "owner": "zhaofengli",
        "repo": "attic",
        "type": "github"
      }
    },
    "blobs": {
      "flake": false,
      "locked": {
        "lastModified": 1604995301,
        "narHash": "sha256-wcLzgLec6SGJA8fx1OEN1yV/Py5b+U5iyYpksUY/yLw=",
        "owner": "simple-nixos-mailserver",
        "repo": "blobs",
        "rev": "2cccdf1ca48316f2cfd1c9a0017e8de5a7156265",
        "type": "gitlab"
      },
      "original": {
        "owner": "simple-nixos-mailserver",
        "repo": "blobs",
        "type": "gitlab"
      }
    },
    "crane": {
      "inputs": {
        "nixpkgs": [
          "attic",
          "nixpkgs"
        ]
      },
      "locked": {
        "lastModified": 1717025063,
        "narHash": "sha256-dIubLa56W9sNNz0e8jGxrX3CAkPXsq7snuFA/Ie6dn8=",
        "owner": "ipetkov",
        "repo": "crane",
        "rev": "480dff0be03dac0e51a8dfc26e882b0d123a450e",
        "type": "github"
      },
      "original": {
        "owner": "ipetkov",
        "repo": "crane",
        "type": "github"
      }
    },
    "crane_2": {
      "inputs": {
        "nixpkgs": [
          "felis",
          "nixpkgs"
        ]
      },
      "locked": {
        "lastModified": 1720226507,
        "narHash": "sha256-yHVvNsgrpyNTXZBEokL8uyB2J6gB1wEx0KOJzoeZi1A=",
        "owner": "ipetkov",
        "repo": "crane",
        "rev": "0aed560c5c0a61c9385bddff471a13036203e11c",
        "type": "github"
      },
      "original": {
        "owner": "ipetkov",
        "ref": "v0.18.0",
        "repo": "crane",
        "type": "github"
      }
    },
    "crane_3": {
      "inputs": {
        "nixpkgs": [
          "helix",
          "nixpkgs"
        ]
      },
      "locked": {
        "lastModified": 1709610799,
        "narHash": "sha256-5jfLQx0U9hXbi2skYMGodDJkIgffrjIOgMRjZqms2QE=",
        "owner": "ipetkov",
        "repo": "crane",
        "rev": "81c393c776d5379c030607866afef6406ca1be57",
        "type": "github"
      },
      "original": {
        "owner": "ipetkov",
        "repo": "crane",
        "type": "github"
      }
    },
    "crane_4": {
      "inputs": {
        "nixpkgs": [
          "helix-steel",
          "nixpkgs"
        ]
      },
      "locked": {
        "lastModified": 1709610799,
        "narHash": "sha256-5jfLQx0U9hXbi2skYMGodDJkIgffrjIOgMRjZqms2QE=",
        "owner": "ipetkov",
        "repo": "crane",
        "rev": "81c393c776d5379c030607866afef6406ca1be57",
        "type": "github"
      },
      "original": {
        "owner": "ipetkov",
        "repo": "crane",
        "type": "github"
      }
    },
    "crane_5": {
      "inputs": {
        "flake-compat": "flake-compat_3",
        "flake-utils": [
          "indieweb-tools",
          "nix-rust-utils",
          "flake-utils"
        ],
        "nixpkgs": [
          "indieweb-tools",
          "nix-rust-utils",
          "nixpkgs"
        ],
        "rust-overlay": "rust-overlay_3"
      },
      "locked": {
        "lastModified": 1693787605,
        "narHash": "sha256-rwq5U8dy+a9JFny/73L0SJu1GfWwATMPMTp7D+mjHy8=",
        "owner": "ipetkov",
        "repo": "crane",
        "rev": "8b4f7a4dab2120cf41e7957a28a853f45016bd9d",
        "type": "github"
      },
      "original": {
        "owner": "ipetkov",
        "repo": "crane",
        "type": "github"
      }
    },
    "crane_6": {
      "inputs": {
        "nixpkgs": [
          "lamina",
          "nixpkgs"
        ]
      },
      "locked": {
        "lastModified": 1701384536,
        "narHash": "sha256-PdYjpXmkn4FYJU7uvmCa54b0PPXBgDZHJaJpSEWR1Ek=",
        "owner": "ipetkov",
        "repo": "crane",
        "rev": "07c531adf572dafd494db0672cdac00e48216171",
        "type": "github"
      },
      "original": {
        "owner": "ipetkov",
        "ref": "v0.15.1",
        "repo": "crane",
        "type": "github"
      }
    },
    "crane_7": {
      "inputs": {
        "flake-compat": "flake-compat_4",
        "flake-utils": "flake-utils_10",
        "nixpkgs": [
          "mqtt2influxdb2",
          "nru",
          "nixpkgs"
        ],
        "rust-overlay": [
          "mqtt2influxdb2",
          "nru",
          "rust-overlay"
        ]
      },
      "locked": {
        "lastModified": 1670900067,
        "narHash": "sha256-VXVa+KBfukhmWizaiGiHRVX/fuk66P8dgSFfkVN4/MY=",
        "owner": "ipetkov",
        "repo": "crane",
        "rev": "59b31b41a589c0a65e4a1f86b0e5eac68081468b",
        "type": "github"
      },
      "original": {
        "owner": "ipetkov",
        "repo": "crane",
        "type": "github"
      }
    },
    "darwin": {
      "inputs": {
        "nixpkgs": [
          "nixpkgs"
        ]
      },
      "locked": {
        "lastModified": 1717976995,
        "narHash": "sha256-u3HBinyIyUvL1+N816bODpJmSQdgn0Mbb8BprFw7kqo=",
        "owner": "lnl7",
        "repo": "nix-darwin",
        "rev": "315aa649ba307704db0b16c92f097a08a65ec955",
        "type": "github"
      },
      "original": {
        "owner": "lnl7",
        "ref": "master",
        "repo": "nix-darwin",
        "type": "github"
      }
    },
    "deploy-rs": {
      "inputs": {
        "flake-compat": "flake-compat_2",
        "nixpkgs": "nixpkgs_2",
        "utils": "utils"
      },
      "locked": {
        "lastModified": 1711973905,
        "narHash": "sha256-UFKME/N1pbUtn+2Aqnk+agUt8CekbpuqwzljivfIme8=",
        "owner": "serokell",
        "repo": "deploy-rs",
        "rev": "88b3059b020da69cbe16526b8d639bd5e0b51c8b",
        "type": "github"
      },
      "original": {
        "owner": "serokell",
        "repo": "deploy-rs",
        "type": "github"
      }
    },
    "felis": {
      "inputs": {
        "crane": "crane_2",
        "flake-utils": "flake-utils_2",
        "nixpkgs": "nixpkgs_3"
      },
      "locked": {
        "lastModified": 1723582026,
        "narHash": "sha256-d5zOGFdLJSDhuYXVd7xqbgC49pqd7FvIOgCQC7DwTm4=",
        "ref": "refs/heads/main",
        "rev": "31bdfdba04a061d68fb3f89c5ab529c103f5c48f",
        "revCount": 34,
        "type": "git",
        "url": "https://git.vdx.hu/voidcontext/felis.git"
      },
      "original": {
        "ref": "refs/heads/main",
        "type": "git",
        "url": "https://git.vdx.hu/voidcontext/felis.git"
      }
    },
    "flake-compat": {
      "flake": false,
      "locked": {
        "lastModified": 1673956053,
        "narHash": "sha256-4gtG9iQuiKITOjNQQeQIpoIB6b16fm+504Ch3sNKLd8=",
        "owner": "edolstra",
        "repo": "flake-compat",
        "rev": "35bb57c0c8d8b62bbfd284272c928ceb64ddbde9",
        "type": "github"
      },
      "original": {
        "owner": "edolstra",
        "repo": "flake-compat",
        "type": "github"
      }
    },
    "flake-compat_2": {
      "flake": false,
      "locked": {
        "lastModified": 1696426674,
        "narHash": "sha256-kvjfFW7WAETZlt09AgDn1MrtKzP7t90Vf7vypd3OL1U=",
        "owner": "edolstra",
        "repo": "flake-compat",
        "rev": "0f9255e01c2351cc7d116c072cb317785dd33b33",
        "type": "github"
      },
      "original": {
        "owner": "edolstra",
        "repo": "flake-compat",
        "type": "github"
      }
    },
    "flake-compat_3": {
      "flake": false,
      "locked": {
        "lastModified": 1673956053,
        "narHash": "sha256-4gtG9iQuiKITOjNQQeQIpoIB6b16fm+504Ch3sNKLd8=",
        "owner": "edolstra",
        "repo": "flake-compat",
        "rev": "35bb57c0c8d8b62bbfd284272c928ceb64ddbde9",
        "type": "github"
      },
      "original": {
        "owner": "edolstra",
        "repo": "flake-compat",
        "type": "github"
      }
    },
    "flake-compat_4": {
      "flake": false,
      "locked": {
        "lastModified": 1668681692,
        "narHash": "sha256-Ht91NGdewz8IQLtWZ9LCeNXMSXHUss+9COoqu6JLmXU=",
        "owner": "edolstra",
        "repo": "flake-compat",
        "rev": "009399224d5e398d03b22badca40a37ac85412a1",
        "type": "github"
      },
      "original": {
        "owner": "edolstra",
        "repo": "flake-compat",
        "type": "github"
      }
    },
    "flake-compat_5": {
      "flake": false,
      "locked": {
        "lastModified": 1668681692,
        "narHash": "sha256-Ht91NGdewz8IQLtWZ9LCeNXMSXHUss+9COoqu6JLmXU=",
        "owner": "edolstra",
        "repo": "flake-compat",
        "rev": "009399224d5e398d03b22badca40a37ac85412a1",
        "type": "github"
      },
      "original": {
        "owner": "edolstra",
        "repo": "flake-compat",
        "type": "github"
      }
    },
    "flake-utils": {
      "locked": {
        "lastModified": 1667395993,
        "narHash": "sha256-nuEHfE/LcWyuSWnS8t12N1wc105Qtau+/OdUAjtQ0rA=",
        "owner": "numtide",
        "repo": "flake-utils",
        "rev": "5aed5285a952e0b949eb3ba02c12fa4fcfef535f",
        "type": "github"
      },
      "original": {
        "owner": "numtide",
        "repo": "flake-utils",
        "type": "github"
      }
    },
    "flake-utils_10": {
      "locked": {
        "lastModified": 1667395993,
        "narHash": "sha256-nuEHfE/LcWyuSWnS8t12N1wc105Qtau+/OdUAjtQ0rA=",
        "owner": "numtide",
        "repo": "flake-utils",
        "rev": "5aed5285a952e0b949eb3ba02c12fa4fcfef535f",
        "type": "github"
      },
      "original": {
        "owner": "numtide",
        "repo": "flake-utils",
        "type": "github"
      }
    },
    "flake-utils_11": {
      "locked": {
        "lastModified": 1667395993,
        "narHash": "sha256-nuEHfE/LcWyuSWnS8t12N1wc105Qtau+/OdUAjtQ0rA=",
        "owner": "numtide",
        "repo": "flake-utils",
        "rev": "5aed5285a952e0b949eb3ba02c12fa4fcfef535f",
        "type": "github"
      },
      "original": {
        "owner": "numtide",
        "repo": "flake-utils",
        "type": "github"
      }
    },
    "flake-utils_12": {
      "locked": {
        "lastModified": 1667395993,
        "narHash": "sha256-nuEHfE/LcWyuSWnS8t12N1wc105Qtau+/OdUAjtQ0rA=",
        "owner": "numtide",
        "repo": "flake-utils",
        "rev": "5aed5285a952e0b949eb3ba02c12fa4fcfef535f",
        "type": "github"
      },
      "original": {
        "owner": "numtide",
        "repo": "flake-utils",
        "type": "github"
      }
    },
    "flake-utils_13": {
      "locked": {
        "lastModified": 1659877975,
        "narHash": "sha256-zllb8aq3YO3h8B/U0/J1WBgAL8EX5yWf5pMj3G0NAmc=",
        "owner": "numtide",
        "repo": "flake-utils",
        "rev": "c0e246b9b83f637f4681389ecabcb2681b4f3af0",
        "type": "github"
      },
      "original": {
        "owner": "numtide",
        "repo": "flake-utils",
        "type": "github"
      }
    },
    "flake-utils_14": {
      "inputs": {
        "systems": "systems_10"
      },
      "locked": {
        "lastModified": 1710146030,
        "narHash": "sha256-SZ5L6eA7HJ/nmkzGG7/ISclqe6oZdOZTNoesiInkXPQ=",
        "owner": "numtide",
        "repo": "flake-utils",
        "rev": "b1d9ab70662946ef0850d488da1c9019f3a9752a",
        "type": "github"
      },
      "original": {
        "owner": "numtide",
        "repo": "flake-utils",
        "type": "github"
      }
    },
    "flake-utils_2": {
      "inputs": {
        "systems": "systems_2"
      },
      "locked": {
        "lastModified": 1694529238,
        "narHash": "sha256-zsNZZGTGnMOf9YpHKJqMSsa0dXbfmxeoJ7xHlrt+xmY=",
        "owner": "numtide",
        "repo": "flake-utils",
        "rev": "ff7b65b44d01cf9ba6a71320833626af21126384",
        "type": "github"
      },
      "original": {
        "owner": "numtide",
        "repo": "flake-utils",
        "type": "github"
      }
    },
    "flake-utils_3": {
      "inputs": {
        "systems": "systems_3"
      },
      "locked": {
        "lastModified": 1710146030,
        "narHash": "sha256-SZ5L6eA7HJ/nmkzGG7/ISclqe6oZdOZTNoesiInkXPQ=",
        "owner": "numtide",
        "repo": "flake-utils",
        "rev": "b1d9ab70662946ef0850d488da1c9019f3a9752a",
        "type": "github"
      },
      "original": {
        "id": "flake-utils",
        "type": "indirect"
      }
    },
    "flake-utils_4": {
      "inputs": {
        "systems": "systems_4"
      },
      "locked": {
        "lastModified": 1709126324,
        "narHash": "sha256-q6EQdSeUZOG26WelxqkmR7kArjgWCdw5sfJVHPH/7j8=",
        "owner": "numtide",
        "repo": "flake-utils",
        "rev": "d465f4819400de7c8d874d50b982301f28a84605",
        "type": "github"
      },
      "original": {
        "owner": "numtide",
        "repo": "flake-utils",
        "type": "github"
      }
    },
    "flake-utils_5": {
      "inputs": {
        "systems": "systems_5"
      },
      "locked": {
        "lastModified": 1709126324,
        "narHash": "sha256-q6EQdSeUZOG26WelxqkmR7kArjgWCdw5sfJVHPH/7j8=",
        "owner": "numtide",
        "repo": "flake-utils",
        "rev": "d465f4819400de7c8d874d50b982301f28a84605",
        "type": "github"
      },
      "original": {
        "owner": "numtide",
        "repo": "flake-utils",
        "type": "github"
      }
    },
    "flake-utils_6": {
      "inputs": {
        "systems": "systems_6"
      },
      "locked": {
        "lastModified": 1694529238,
        "narHash": "sha256-zsNZZGTGnMOf9YpHKJqMSsa0dXbfmxeoJ7xHlrt+xmY=",
        "owner": "numtide",
        "repo": "flake-utils",
        "rev": "ff7b65b44d01cf9ba6a71320833626af21126384",
        "type": "github"
      },
      "original": {
        "owner": "numtide",
        "repo": "flake-utils",
        "type": "github"
      }
    },
    "flake-utils_7": {
      "inputs": {
        "systems": "systems_7"
      },
      "locked": {
        "lastModified": 1681202837,
        "narHash": "sha256-H+Rh19JDwRtpVPAWp64F+rlEtxUWBAQW28eAi3SRSzg=",
        "owner": "numtide",
        "repo": "flake-utils",
        "rev": "cfacdce06f30d2b68473a46042957675eebb3401",
        "type": "github"
      },
      "original": {
        "owner": "numtide",
        "repo": "flake-utils",
        "type": "github"
      }
    },
    "flake-utils_8": {
      "inputs": {
        "systems": "systems_8"
      },
      "locked": {
        "lastModified": 1681202837,
        "narHash": "sha256-H+Rh19JDwRtpVPAWp64F+rlEtxUWBAQW28eAi3SRSzg=",
        "owner": "numtide",
        "repo": "flake-utils",
        "rev": "cfacdce06f30d2b68473a46042957675eebb3401",
        "type": "github"
      },
      "original": {
        "owner": "numtide",
        "repo": "flake-utils",
        "type": "github"
      }
    },
    "flake-utils_9": {
      "inputs": {
        "systems": "systems_9"
      },
      "locked": {
        "lastModified": 1694529238,
        "narHash": "sha256-zsNZZGTGnMOf9YpHKJqMSsa0dXbfmxeoJ7xHlrt+xmY=",
        "owner": "numtide",
        "repo": "flake-utils",
        "rev": "ff7b65b44d01cf9ba6a71320833626af21126384",
        "type": "github"
      },
      "original": {
        "owner": "numtide",
        "repo": "flake-utils",
        "type": "github"
      }
    },
    "helix": {
      "inputs": {
        "crane": "crane_3",
        "flake-utils": "flake-utils_4",
        "nixpkgs": "nixpkgs_4",
        "rust-overlay": "rust-overlay"
      },
      "locked": {
        "lastModified": 1719909389,
        "narHash": "sha256-d6PZ7WpOV+yb4u4P+8vJ+xmRZbZxiQCpjNnqYoUTBQc=",
        "owner": "helix-editor",
        "repo": "helix",
        "rev": "fc97ecc3e3186b9dfe958869178bdb6b8cd7d8df",
        "type": "github"
      },
      "original": {
        "owner": "helix-editor",
        "repo": "helix",
        "type": "github"
      }
    },
    "helix-steel": {
      "inputs": {
        "crane": "crane_4",
        "flake-utils": "flake-utils_5",
        "nixpkgs": "nixpkgs_5",
        "rust-overlay": "rust-overlay_2"
      },
      "locked": {
        "lastModified": 1721643761,
        "narHash": "sha256-vmhqjB53HIeogmkhaaVgYFrrCujEAsguWKOXEn/Kt3A=",
        "owner": "voidcontext",
        "repo": "helix",
        "rev": "bcf73f8d749281b70f1bdcf7e9ff25a9a26d4fc4",
        "type": "github"
      },
      "original": {
        "owner": "voidcontext",
        "ref": "steel",
        "repo": "helix",
        "type": "github"
      }
    },
    "home-manager": {
      "inputs": {
        "nixpkgs": [
          "nixpkgs"
        ]
      },
      "locked": {
        "lastModified": 1717527182,
        "narHash": "sha256-vWSkg6AMok1UUQiSYVdGMOXKD2cDFnajITiSi0Zjd1A=",
        "owner": "rycee",
        "repo": "home-manager",
        "rev": "845a5c4c073f74105022533907703441e0464bc3",
        "type": "github"
      },
      "original": {
        "owner": "rycee",
        "ref": "release-24.05",
        "repo": "home-manager",
        "type": "github"
      }
    },
    "indieweb-tools": {
      "inputs": {
        "flake-utils": "flake-utils_6",
        "nix-rust-utils": "nix-rust-utils",
        "nixpkgs": "nixpkgs_7",
        "nixpkgs-unstable": "nixpkgs-unstable"
      },
      "locked": {
        "lastModified": 1696177990,
        "narHash": "sha256-2RANggVeeGMu5ghXA7z2Trwo7nD+b46GtYZEBBtqiI8=",
        "owner": "voidcontext",
        "repo": "indieweb-tools",
        "rev": "a8c5f3fa83978f5a7ae202c7d0b3318fcc803d8f",
        "type": "github"
      },
      "original": {
        "owner": "voidcontext",
        "repo": "indieweb-tools",
        "type": "github"
      }
    },
    "kitty-everforest-themes": {
      "flake": false,
      "locked": {
        "lastModified": 1690481359,
        "narHash": "sha256-B1xRXg3ZBeGq36lT9ejm0watLWdTuQYHhysr1tEyhkY=",
        "owner": "ewal",
        "repo": "kitty-everforest",
        "rev": "50b827509927b267259cf04793fee96797d6b866",
        "type": "github"
      },
      "original": {
        "owner": "ewal",
        "repo": "kitty-everforest",
        "type": "github"
      }
    },
    "kitty-gruvbox-themes": {
      "flake": false,
      "locked": {
        "lastModified": 1694861168,
        "narHash": "sha256-JKeGIwwkwBGdbRh8jOGgMz4MDl7ycymfSnBsnzNL/ik=",
        "owner": "wdomitrz",
        "repo": "kitty-gruvbox-theme",
        "rev": "b60d532cacd7b5ddb8cea84bb229e17c86cf3aae",
        "type": "github"
      },
      "original": {
        "owner": "wdomitrz",
        "repo": "kitty-gruvbox-theme",
        "type": "github"
      }
    },
    "lamina": {
      "inputs": {
        "crane": "crane_6",
        "flake-utils": "flake-utils_9",
        "nixpkgs": "nixpkgs_8"
      },
      "locked": {
        "lastModified": 1713478896,
        "narHash": "sha256-6CDY1DJ4nPavSHCBQNg7F5jq82A8QSJ5dfMpdpRPuMA=",
        "ref": "refs/heads/main",
        "rev": "7b889f5814e0596a2529aa40e2570ca2ad62112f",
        "revCount": 40,
        "type": "git",
        "url": "https://git.vdx.hu/voidcontext/lamina-rs.git"
      },
      "original": {
        "type": "git",
        "url": "https://git.vdx.hu/voidcontext/lamina-rs.git"
      }
    },
    "mqtt2influxdb2": {
      "inputs": {
        "nru": "nru"
      },
      "locked": {
        "lastModified": 1671572601,
        "narHash": "sha256-y+z3L8Vawgdyc3rxRoUNB/lqtMhWWDIL1cv7G270e4Y=",
        "owner": "voidcontext",
        "repo": "mqtt2influxdb2-rs",
        "rev": "45914052fb6afb3570f3ae40d2336ac3718dc514",
        "type": "github"
      },
      "original": {
        "owner": "voidcontext",
        "repo": "mqtt2influxdb2-rs",
        "type": "github"
      }
    },
    "nil": {
      "inputs": {
        "flake-utils": "flake-utils_12",
        "nixpkgs": "nixpkgs_9",
        "rust-overlay": "rust-overlay_5"
      },
      "locked": {
        "lastModified": 1669857315,
        "narHash": "sha256-E/QGmoL7Q3GDR2/I5o2CAMHMcmPQEJAySke1s+nOaho=",
        "owner": "oxalica",
        "repo": "nil",
        "rev": "c549d6fbb2befa4afa12911413d7f494c278555c",
        "type": "github"
      },
      "original": {
        "owner": "oxalica",
        "ref": "2022-12-01",
        "repo": "nil",
        "type": "github"
      }
    },
    "nix-rust-utils": {
      "inputs": {
        "advisory-db": "advisory-db",
        "crane": "crane_5",
        "flake-utils": "flake-utils_7",
        "nixpkgs": [
          "indieweb-tools",
          "nixpkgs"
        ],
        "nixpkgs-unstable": [
          "indieweb-tools",
          "nixpkgs-unstable"
        ],
        "rust-overlay": "rust-overlay_4"
      },
      "locked": {
        "lastModified": 1695713231,
        "narHash": "sha256-06t/SIvlZlSWnTloYPRtGNi0INLXz+kN9ExibWl9P3I=",
        "ref": "refs/tags/v0.8.1",
        "rev": "fd17c6ea288b4b2c212efb0e690bfb03b0a24194",
        "revCount": 76,
        "type": "git",
        "url": "https://git.vdx.hu/voidcontext/nix-rust-utils.git"
      },
      "original": {
        "ref": "refs/tags/v0.8.1",
        "type": "git",
        "url": "https://git.vdx.hu/voidcontext/nix-rust-utils.git"
      }
    },
    "nixos-hardware": {
      "locked": {
        "lastModified": 1711352745,
        "narHash": "sha256-luvqik+i3HTvCbXQZgB6uggvEcxI9uae0nmrgtXJ17U=",
        "owner": "NixOS",
        "repo": "nixos-hardware",
        "rev": "9a763a7acc4cfbb8603bb0231fec3eda864f81c0",
        "type": "github"
      },
      "original": {
        "owner": "NixOS",
        "repo": "nixos-hardware",
        "rev": "9a763a7acc4cfbb8603bb0231fec3eda864f81c0",
        "type": "github"
      }
    },
    "nixos-uconsole": {
      "inputs": {
        "nixos-hardware": [
          "nixos-hardware"
        ],
        "nixpkgs": [
          "nixpkgs"
        ]
      },
      "locked": {
        "lastModified": 1713005358,
        "narHash": "sha256-XnfiT4aC4GbHhr0XOnajvYtOO+h1OPhc2ek1RAnhgPw=",
        "ref": "refs/heads/main",
        "rev": "51ee23e73e5ee2306a755516a47481f9fa9264f5",
        "revCount": 14,
        "type": "git",
        "url": "https://git.vdx.hu/voidcontext/nixos-uconsole.git"
      },
      "original": {
        "type": "git",
        "url": "https://git.vdx.hu/voidcontext/nixos-uconsole.git"
      }
    },
    "nixpkgs": {
      "locked": {
        "lastModified": 1711401922,
        "narHash": "sha256-QoQqXoj8ClGo0sqD/qWKFWezgEwUL0SUh37/vY2jNhc=",
        "owner": "NixOS",
        "repo": "nixpkgs",
        "rev": "07262b18b97000d16a4bdb003418bd2fb067a932",
        "type": "github"
      },
      "original": {
        "owner": "NixOS",
        "ref": "nixpkgs-unstable",
        "repo": "nixpkgs",
        "type": "github"
      }
    },
    "nixpkgs-24_05": {
      "locked": {
        "lastModified": 1718086528,
        "narHash": "sha256-hoB7B7oPgypePz16cKWawPfhVvMSXj4G/qLsfFuhFjw=",
        "owner": "NixOS",
        "repo": "nixpkgs",
        "rev": "47b604b07d1e8146d5398b42d3306fdebd343986",
        "type": "github"
      },
      "original": {
        "id": "nixpkgs",
        "ref": "nixos-24.05",
        "type": "indirect"
      }
    },
    "nixpkgs-stable": {
      "locked": {
        "lastModified": 1711460390,
        "narHash": "sha256-akSgjDZL6pVHEfSE6sz1DNSXuYX6hq+P/1Z5IoYWs7E=",
        "owner": "NixOS",
        "repo": "nixpkgs",
        "rev": "44733514b72e732bd49f5511bd0203dea9b9a434",
        "type": "github"
      },
      "original": {
        "owner": "NixOS",
        "ref": "nixos-23.11",
        "repo": "nixpkgs",
        "type": "github"
      }
    },
    "nixpkgs-unstable": {
      "locked": {
        "lastModified": 1691916148,
        "narHash": "sha256-DamxLt6yl1Ic1vCvgKhjObrzqwlV0pJ7334yuC5y3ew=",
        "owner": "NixOS",
        "repo": "nixpkgs",
        "rev": "750fc50bfd132a44972aa15bb21937ae26303bc4",
        "type": "github"
      },
      "original": {
        "id": "nixpkgs",
        "ref": "nixpkgs-unstable",
        "type": "indirect"
      }
    },
    "nixpkgs-unstable_2": {
      "locked": {
        "lastModified": 1720781449,
        "narHash": "sha256-po3TZO9kcZwzvkyMJKb0WCzzDtiHWD34XeRaX1lWXp0=",
        "owner": "NixOS",
        "repo": "nixpkgs",
        "rev": "8b5a3d5a1d951344d683b442c0739010b80039db",
        "type": "github"
      },
      "original": {
        "id": "nixpkgs",
        "ref": "nixpkgs-unstable",
        "type": "indirect"
      }
    },
    "nixpkgs_10": {
      "locked": {
        "lastModified": 1671473896,
        "narHash": "sha256-mdIxpGEfiEQdfdqvPO7JXln1885z+awbbUXONd+eGug=",
        "owner": "NixOS",
        "repo": "nixpkgs",
        "rev": "ba86945ee00a5c046f68451c1db279ea5e2bc797",
        "type": "github"
      },
      "original": {
        "id": "nixpkgs",
        "ref": "release-22.11",
        "type": "indirect"
      }
    },
    "nixpkgs_11": {
      "locked": {
        "lastModified": 1720866271,
        "narHash": "sha256-ISkfXBgSXTufNStMgdXZ3ihCkUQMfcRnvtYM2XBbprE=",
        "owner": "NixOS",
        "repo": "nixpkgs",
        "rev": "bd39ef70892b6fd786bc9569219d7531f05a9988",
        "type": "github"
      },
      "original": {
        "id": "nixpkgs",
        "ref": "release-24.05",
        "type": "indirect"
      }
    },
    "nixpkgs_12": {
      "locked": {
        "lastModified": 1705856552,
        "narHash": "sha256-JXfnuEf5Yd6bhMs/uvM67/joxYKoysyE3M2k6T3eWbg=",
        "owner": "NixOS",
        "repo": "nixpkgs",
        "rev": "612f97239e2cc474c13c9dafa0df378058c5ad8d",
        "type": "github"
      },
      "original": {
        "id": "nixpkgs",
        "ref": "nixos-unstable",
        "type": "indirect"
      }
    },
    "nixpkgs_2": {
      "locked": {
        "lastModified": 1702272962,
        "narHash": "sha256-D+zHwkwPc6oYQ4G3A1HuadopqRwUY/JkMwHz1YF7j4Q=",
        "owner": "NixOS",
        "repo": "nixpkgs",
        "rev": "e97b3e4186bcadf0ef1b6be22b8558eab1cdeb5d",
        "type": "github"
      },
      "original": {
        "owner": "NixOS",
        "ref": "nixpkgs-unstable",
        "repo": "nixpkgs",
        "type": "github"
      }
    },
    "nixpkgs_3": {
      "locked": {
        "lastModified": 1720866271,
        "narHash": "sha256-ISkfXBgSXTufNStMgdXZ3ihCkUQMfcRnvtYM2XBbprE=",
        "owner": "NixOS",
        "repo": "nixpkgs",
        "rev": "bd39ef70892b6fd786bc9569219d7531f05a9988",
        "type": "github"
      },
      "original": {
        "id": "nixpkgs",
        "ref": "release-24.05",
        "type": "indirect"
      }
    },
    "nixpkgs_4": {
      "locked": {
        "lastModified": 1709479366,
        "narHash": "sha256-n6F0n8UV6lnTZbYPl1A9q1BS0p4hduAv1mGAP17CVd0=",
        "owner": "nixos",
        "repo": "nixpkgs",
        "rev": "b8697e57f10292a6165a20f03d2f42920dfaf973",
        "type": "github"
      },
      "original": {
        "owner": "nixos",
        "ref": "nixos-unstable",
        "repo": "nixpkgs",
        "type": "github"
      }
    },
    "nixpkgs_5": {
      "locked": {
        "lastModified": 1709479366,
        "narHash": "sha256-n6F0n8UV6lnTZbYPl1A9q1BS0p4hduAv1mGAP17CVd0=",
        "owner": "nixos",
        "repo": "nixpkgs",
        "rev": "b8697e57f10292a6165a20f03d2f42920dfaf973",
        "type": "github"
      },
      "original": {
        "owner": "nixos",
        "ref": "nixos-unstable",
        "repo": "nixpkgs",
        "type": "github"
      }
    },
    "nixpkgs_6": {
      "locked": {
        "lastModified": 1681358109,
        "narHash": "sha256-eKyxW4OohHQx9Urxi7TQlFBTDWII+F+x2hklDOQPB50=",
        "owner": "NixOS",
        "repo": "nixpkgs",
        "rev": "96ba1c52e54e74c3197f4d43026b3f3d92e83ff9",
        "type": "github"
      },
      "original": {
        "owner": "NixOS",
        "ref": "nixpkgs-unstable",
        "repo": "nixpkgs",
        "type": "github"
      }
    },
    "nixpkgs_7": {
      "locked": {
        "lastModified": 1691965785,
        "narHash": "sha256-5lq2454ysIgv+g/1vHMae0C1MaTU51fZqjW8PcEq+4s=",
        "owner": "NixOS",
        "repo": "nixpkgs",
        "rev": "771b86d407c567b57d791197ec464b46a5480b0b",
        "type": "github"
      },
      "original": {
        "id": "nixpkgs",
        "ref": "release-23.05",
        "type": "indirect"
      }
    },
    "nixpkgs_8": {
      "locked": {
        "lastModified": 1710927954,
        "narHash": "sha256-eltAJk6DE7Uqi72mEHLj+BGAXuvUXu0KtRxI3aXwJ0c=",
        "owner": "NixOS",
        "repo": "nixpkgs",
        "rev": "0754322c1741a035a033751a2d63a742816592b6",
        "type": "github"
      },
      "original": {
        "id": "nixpkgs",
        "ref": "release-23.11",
        "type": "indirect"
      }
    },
    "nixpkgs_9": {
      "locked": {
        "lastModified": 1670559856,
        "narHash": "sha256-xUkgQRFqE6HIFQXs9SIXMZiXcLaH2415UR6w/FnsgcY=",
        "owner": "nixos",
        "repo": "nixpkgs",
        "rev": "6bc6f77cb171a74001033d94f17f49043a9f1804",
        "type": "github"
      },
      "original": {
        "owner": "nixos",
        "ref": "nixpkgs-unstable",
        "repo": "nixpkgs",
        "type": "github"
      }
    },
    "nru": {
      "inputs": {
        "crane": "crane_7",
        "flake-utils": "flake-utils_11",
        "nil": "nil",
        "nixpkgs": "nixpkgs_10",
        "rust-overlay": "rust-overlay_6"
      },
      "locked": {
        "lastModified": 1671571946,
        "narHash": "sha256-53mmBFMUwYmbChBKlqCmHLUfdUiO6wZFJNKvJJkF+cQ=",
        "owner": "voidcontext",
        "repo": "nix-rust-utils",
        "rev": "2138b95e6f54fdfeb0e5705774a5d744fbd47dcc",
        "type": "github"
      },
      "original": {
        "owner": "voidcontext",
        "repo": "nix-rust-utils",
        "type": "github"
      }
    },
    "root": {
      "inputs": {
        "attic": "attic",
        "darwin": "darwin",
        "deploy-rs": "deploy-rs",
        "felis": "felis",
        "flake-utils": "flake-utils_3",
        "helix": "helix",
        "helix-steel": "helix-steel",
        "home-manager": "home-manager",
        "indieweb-tools": "indieweb-tools",
        "kitty-everforest-themes": "kitty-everforest-themes",
        "kitty-gruvbox-themes": "kitty-gruvbox-themes",
        "lamina": "lamina",
        "mqtt2influxdb2": "mqtt2influxdb2",
        "nixos-hardware": "nixos-hardware",
        "nixos-uconsole": "nixos-uconsole",
        "nixpkgs": "nixpkgs_11",
        "nixpkgs-unstable": "nixpkgs-unstable_2",
        "simple-nixos-mailserver": "simple-nixos-mailserver",
        "steel": "steel",
        "zsh-nix-shell": "zsh-nix-shell",
        "zsh-window-title": "zsh-window-title"
      }
    },
    "rust-overlay": {
      "inputs": {
        "flake-utils": [
          "helix",
          "flake-utils"
        ],
        "nixpkgs": [
          "helix",
          "nixpkgs"
        ]
      },
      "locked": {
        "lastModified": 1709604635,
        "narHash": "sha256-le4fwmWmjGRYWwkho0Gr7mnnZndOOe4XGbLw68OvF40=",
        "owner": "oxalica",
        "repo": "rust-overlay",
        "rev": "e86c0fb5d3a22a5f30d7f64ecad88643fe26449d",
        "type": "github"
      },
      "original": {
        "owner": "oxalica",
        "repo": "rust-overlay",
        "type": "github"
      }
    },
    "rust-overlay_2": {
      "inputs": {
        "flake-utils": [
          "helix-steel",
          "flake-utils"
        ],
        "nixpkgs": [
          "helix-steel",
          "nixpkgs"
        ]
      },
      "locked": {
        "lastModified": 1709604635,
        "narHash": "sha256-le4fwmWmjGRYWwkho0Gr7mnnZndOOe4XGbLw68OvF40=",
        "owner": "oxalica",
        "repo": "rust-overlay",
        "rev": "e86c0fb5d3a22a5f30d7f64ecad88643fe26449d",
        "type": "github"
      },
      "original": {
        "owner": "oxalica",
        "repo": "rust-overlay",
        "type": "github"
      }
    },
    "rust-overlay_3": {
      "inputs": {
        "flake-utils": [
          "indieweb-tools",
          "nix-rust-utils",
          "crane",
          "flake-utils"
        ],
        "nixpkgs": [
          "indieweb-tools",
          "nix-rust-utils",
          "crane",
          "nixpkgs"
        ]
      },
      "locked": {
        "lastModified": 1694052649,
        "narHash": "sha256-+eBEU3dw3/fCfi8ZHFNutINxehMazGkQxqNcpeNbTo4=",
        "owner": "oxalica",
        "repo": "rust-overlay",
        "rev": "a795148ffbcc77f2b592d50ceebe36147e623a77",
        "type": "github"
      },
      "original": {
        "owner": "oxalica",
        "repo": "rust-overlay",
        "type": "github"
      }
    },
    "rust-overlay_4": {
      "inputs": {
        "flake-utils": "flake-utils_8",
        "nixpkgs": "nixpkgs_6"
      },
      "locked": {
        "lastModified": 1695434972,
        "narHash": "sha256-xApD0SkgTSZNEp2QBKT1Cwt1H8xkZhdZvmHL6hjbE/o=",
        "owner": "oxalica",
        "repo": "rust-overlay",
        "rev": "c0ad320f9aadcc3cb1e62794cb950fe243e077d6",
        "type": "github"
      },
      "original": {
        "owner": "oxalica",
        "repo": "rust-overlay",
        "type": "github"
      }
    },
    "rust-overlay_5": {
      "inputs": {
        "flake-utils": [
          "mqtt2influxdb2",
          "nru",
          "nil",
          "flake-utils"
        ],
        "nixpkgs": [
          "mqtt2influxdb2",
          "nru",
          "nil",
          "nixpkgs"
        ]
      },
      "locked": {
        "lastModified": 1670552927,
        "narHash": "sha256-lCE51eAGrAFS4k9W5aDGFpVtOAwQQ/rFMN80PCDh0vo=",
        "owner": "oxalica",
        "repo": "rust-overlay",
        "rev": "a0fdafd18c9cf599fde17fbaf07dbb20fa57eecb",
        "type": "github"
      },
      "original": {
        "owner": "oxalica",
        "repo": "rust-overlay",
        "type": "github"
      }
    },
    "rust-overlay_6": {
      "inputs": {
        "flake-utils": "flake-utils_13",
        "nixpkgs": [
          "mqtt2influxdb2",
          "nru",
          "nixpkgs"
        ]
      },
      "locked": {
        "lastModified": 1671416426,
        "narHash": "sha256-kpSH1Jrxfk2qd0pRPJn1eQdIOseGv5JuE+YaOrqU9s4=",
        "owner": "oxalica",
        "repo": "rust-overlay",
        "rev": "fbaaff24f375ac25ec64268b0a0d63f91e474b7d",
        "type": "github"
      },
      "original": {
        "owner": "oxalica",
        "repo": "rust-overlay",
        "type": "github"
      }
    },
    "simple-nixos-mailserver": {
      "inputs": {
        "blobs": "blobs",
        "flake-compat": "flake-compat_5",
        "nixpkgs": "nixpkgs_12",
        "nixpkgs-24_05": "nixpkgs-24_05",
        "utils": "utils_2"
      },
      "locked": {
        "lastModified": 1718084203,
        "narHash": "sha256-Cx1xoVfSMv1XDLgKg08CUd1EoTYWB45VmB9XIQzhmzI=",
        "owner": "simple-nixos-mailserver",
        "repo": "nixos-mailserver",
        "rev": "29916981e7b3b5782dc5085ad18490113f8ff63b",
        "type": "gitlab"
      },
      "original": {
        "owner": "simple-nixos-mailserver",
        "ref": "nixos-24.05",
        "repo": "nixos-mailserver",
        "type": "gitlab"
      }
    },
    "steel": {
      "inputs": {
        "flake-utils": "flake-utils_14",
        "nixpkgs": [
          "nixpkgs"
        ]
      },
      "locked": {
        "lastModified": 1721019063,
        "narHash": "sha256-wS8UvRIfq2LVLVGBZ5ijRBylKIBYKpOC71DxnhSIbsk=",
        "owner": "mattwparas",
        "repo": "steel",
        "rev": "389cb7d5589d154d7626c1757c3343a1915a4a8a",
        "type": "github"
      },
      "original": {
        "owner": "mattwparas",
        "repo": "steel",
        "type": "github"
      }
    },
    "systems": {
      "locked": {
        "lastModified": 1681028828,
        "narHash": "sha256-Vy1rq5AaRuLzOxct8nz4T6wlgyUR7zLU309k9mBC768=",
        "owner": "nix-systems",
        "repo": "default",
        "rev": "da67096a3b9bf56a91d16901293e51ba5b49a27e",
        "type": "github"
      },
      "original": {
        "owner": "nix-systems",
        "repo": "default",
        "type": "github"
      }
    },
    "systems_10": {
      "locked": {
        "lastModified": 1681028828,
        "narHash": "sha256-Vy1rq5AaRuLzOxct8nz4T6wlgyUR7zLU309k9mBC768=",
        "owner": "nix-systems",
        "repo": "default",
        "rev": "da67096a3b9bf56a91d16901293e51ba5b49a27e",
        "type": "github"
      },
      "original": {
        "owner": "nix-systems",
        "repo": "default",
        "type": "github"
      }
    },
    "systems_2": {
      "locked": {
        "lastModified": 1681028828,
        "narHash": "sha256-Vy1rq5AaRuLzOxct8nz4T6wlgyUR7zLU309k9mBC768=",
        "owner": "nix-systems",
        "repo": "default",
        "rev": "da67096a3b9bf56a91d16901293e51ba5b49a27e",
        "type": "github"
      },
      "original": {
        "owner": "nix-systems",
        "repo": "default",
        "type": "github"
      }
    },
    "systems_3": {
      "locked": {
        "lastModified": 1681028828,
        "narHash": "sha256-Vy1rq5AaRuLzOxct8nz4T6wlgyUR7zLU309k9mBC768=",
        "owner": "nix-systems",
        "repo": "default",
        "rev": "da67096a3b9bf56a91d16901293e51ba5b49a27e",
        "type": "github"
      },
      "original": {
        "owner": "nix-systems",
        "repo": "default",
        "type": "github"
      }
    },
    "systems_4": {
      "locked": {
        "lastModified": 1681028828,
        "narHash": "sha256-Vy1rq5AaRuLzOxct8nz4T6wlgyUR7zLU309k9mBC768=",
        "owner": "nix-systems",
        "repo": "default",
        "rev": "da67096a3b9bf56a91d16901293e51ba5b49a27e",
        "type": "github"
      },
      "original": {
        "owner": "nix-systems",
        "repo": "default",
        "type": "github"
      }
    },
    "systems_5": {
      "locked": {
        "lastModified": 1681028828,
        "narHash": "sha256-Vy1rq5AaRuLzOxct8nz4T6wlgyUR7zLU309k9mBC768=",
        "owner": "nix-systems",
        "repo": "default",
        "rev": "da67096a3b9bf56a91d16901293e51ba5b49a27e",
        "type": "github"
      },
      "original": {
        "owner": "nix-systems",
        "repo": "default",
        "type": "github"
      }
    },
    "systems_6": {
      "locked": {
        "lastModified": 1681028828,
        "narHash": "sha256-Vy1rq5AaRuLzOxct8nz4T6wlgyUR7zLU309k9mBC768=",
        "owner": "nix-systems",
        "repo": "default",
        "rev": "da67096a3b9bf56a91d16901293e51ba5b49a27e",
        "type": "github"
      },
      "original": {
        "owner": "nix-systems",
        "repo": "default",
        "type": "github"
      }
    },
    "systems_7": {
      "locked": {
        "lastModified": 1681028828,
        "narHash": "sha256-Vy1rq5AaRuLzOxct8nz4T6wlgyUR7zLU309k9mBC768=",
        "owner": "nix-systems",
        "repo": "default",
        "rev": "da67096a3b9bf56a91d16901293e51ba5b49a27e",
        "type": "github"
      },
      "original": {
        "owner": "nix-systems",
        "repo": "default",
        "type": "github"
      }
    },
    "systems_8": {
      "locked": {
        "lastModified": 1681028828,
        "narHash": "sha256-Vy1rq5AaRuLzOxct8nz4T6wlgyUR7zLU309k9mBC768=",
        "owner": "nix-systems",
        "repo": "default",
        "rev": "da67096a3b9bf56a91d16901293e51ba5b49a27e",
        "type": "github"
      },
      "original": {
        "owner": "nix-systems",
        "repo": "default",
        "type": "github"
      }
    },
    "systems_9": {
      "locked": {
        "lastModified": 1681028828,
        "narHash": "sha256-Vy1rq5AaRuLzOxct8nz4T6wlgyUR7zLU309k9mBC768=",
        "owner": "nix-systems",
        "repo": "default",
        "rev": "da67096a3b9bf56a91d16901293e51ba5b49a27e",
        "type": "github"
      },
      "original": {
        "owner": "nix-systems",
        "repo": "default",
        "type": "github"
      }
    },
    "utils": {
      "inputs": {
        "systems": "systems"
      },
      "locked": {
        "lastModified": 1701680307,
        "narHash": "sha256-kAuep2h5ajznlPMD9rnQyffWG8EM/C73lejGofXvdM8=",
        "owner": "numtide",
        "repo": "flake-utils",
        "rev": "4022d587cbbfd70fe950c1e2083a02621806a725",
        "type": "github"
      },
      "original": {
        "owner": "numtide",
        "repo": "flake-utils",
        "type": "github"
      }
    },
    "utils_2": {
      "locked": {
        "lastModified": 1605370193,
        "narHash": "sha256-YyMTf3URDL/otKdKgtoMChu4vfVL3vCMkRqpGifhUn0=",
        "owner": "numtide",
        "repo": "flake-utils",
        "rev": "5021eac20303a61fafe17224c087f5519baed54d",
        "type": "github"
      },
      "original": {
        "owner": "numtide",
        "repo": "flake-utils",
        "type": "github"
      }
    },
    "zsh-nix-shell": {
      "flake": false,
      "locked": {
        "lastModified": 1704027160,
        "narHash": "sha256-Z6EYQdasvpl1P78poj9efnnLj7QQg13Me8x1Ryyw+dM=",
        "owner": "chisui",
        "repo": "zsh-nix-shell",
        "rev": "8b86281cf9e9ef9f207433dd8b36d157dd48d50a",
        "type": "github"
      },
      "original": {
        "owner": "chisui",
        "ref": "v0.8.0",
        "repo": "zsh-nix-shell",
        "type": "github"
      }
    },
    "zsh-window-title": {
      "flake": false,
      "locked": {
        "lastModified": 1716514647,
        "narHash": "sha256-RqJmb+XYK35o+FjUyqGZHD6r1Ku1lmckX41aXtVIUJQ=",
        "owner": "olets",
        "repo": "zsh-window-title",
        "rev": "f859d445d416385abcf4a4d5460ce7c48d4bddf9",
        "type": "github"
      },
      "original": {
        "owner": "olets",
        "ref": "v1.2.0",
        "repo": "zsh-window-title",
        "type": "github"
      }
    }
  },
  "root": "root",
  "version": 7
}
